schema: '2.0'
stages:
  prepare:
    cmd: python src/prepare.py english_word celebrity
    deps:
    - path: config/default.yaml
      hash: md5
      md5: bb4c9b64e8ce23a517b570652b728937
      size: 3458
    - path: data/text/celebrity_fake
      hash: md5
      md5: 06b9861afd9cb259288395b1e629f0df
      size: 966
    - path: data/text/celebrity_real
      hash: md5
      md5: 9e6f903511807735ba0e154689997211
      size: 2960
    - path: data/text/english_word_fake
      hash: md5
      md5: 384af22d3fa69ccf4968b1cef148f28d
      size: 1096
    - path: data/text/english_word_real
      hash: md5
      md5: 05c3d88b220b4fd67844410156e63d27
      size: 991
    - path: src/prepare.py
      hash: md5
      md5: 46d2913eac108d6886734543663a4940
      size: 1218
    params:
      params.yaml:
        prepare.seed: 1
    outs:
    - path: data/prepared
      hash: md5
      md5: 5406f01800694a27a75df1ade358b661.dir
      size: 22878
      nfiles: 2
  inference:
    cmd: torchrun src/inference.py english_word celebrity
    deps:
    - path: config/default.yaml
      hash: md5
      md5: bb4c9b64e8ce23a517b570652b728937
      size: 3458
    - path: data/prepared/celebrity.pkl
      hash: md5
      md5: 0f67246c1b00146520523778310e5fd2
      size: 10849
    - path: data/prepared/english_word.pkl
      hash: md5
      md5: 6f870fab4f54181214d3cb6a8ee9ab49
      size: 12029
    - path: src/inference.py
      hash: md5
      md5: f1a1bcbfc19cb83d5b7ee5a2785994d2
      size: 7823
    params:
      params.yaml:
        inference.seed: 1
    outs:
    - path: data/inference
      hash: md5
      md5: d511bc11b680314e73bdb2a47abb9528.dir
      size: 12181069366
      nfiles: 6
  detection:
    cmd: python src/detection.py english_word celebrity
    deps:
    - path: data/projected/celebrity.pkl
      hash: md5
      md5: bc5bab161106afde635c0709199500de
      size: 97555803
    - path: data/projected/english_word.pkl
      hash: md5
      md5: dbd25cc1f01aa73d736f86e2afc31d2a
      size: 88301909
    - path: src/detection.py
      hash: md5
      md5: f8a40230e6203f5fe49526290c73c770
      size: 4336
    params:
      params.yaml:
        detection.seed: 1
    outs:
    - path: data/detection
      hash: md5
      md5: bac7efb32d940b2afb878c2b64ad2544.dir
      size: 185864983
      nfiles: 2
    - path: models/detection
      hash: md5
      md5: 15099e447ed6aa4ddd3023f690ecb358.dir
      size: 98723
      nfiles: 3
  projection:
    cmd: python src/projection.py english_word celebrity
    deps:
    - path: data/inference/celebrity.pkl
      hash: md5
      md5: 23e3584b5516797658ecdbf55e31da62
      size: 7398122676
    - path: data/inference/english_word.pkl
      hash: md5
      md5: de16042828ceecc800157447f1cf5682
      size: 4782616978
    - path: src/projection.py
      hash: md5
      md5: c24acdf65b61eec50de0ca4809378214
      size: 4467
    params:
      params.yaml:
        projection.seed: 1
    outs:
    - path: data/projected
      hash: md5
      md5: 8075baedcb01b6dcf314d179b5bab1b2.dir
      size: 185857712
      nfiles: 2
    - path: models/projection
      hash: md5
      md5: 243bb4ee1c7153b302f240ee31f56d6d.dir
      size: 134319532
      nfiles: 1
