schema: '2.0'
stages:
  steering:
    cmd: torchrun ../src/steering_inference.py
    deps:
    - path: ../data/features
      hash: md5
      md5: 3cb98fc537604bbdd5f7c66c65de61a3.dir
      size: 3669828859
      nfiles: 9
    - path: ../src/datas.py
      hash: md5
      md5: 8d6481de38ef7bfc63381d024a68473e
      size: 9931
    - path: ../src/projection.py
      hash: md5
      md5: 1776dc031ebeff416b66555934a44b70
      size: 14695
    - path: ../src/steering_inference.py
      hash: md5
      md5: 156ddd756d3bbf07199b2ec072bd9c09
      size: 5690
    - path: prompts.yaml
      hash: md5
      md5: ea94923c21c71e989ad2283068b9fab7
      size: 3289
    params:
      params.yaml:
        prepare:
          seed: 1
          text_data_folder: ../data/text
          prepared_data_folder: ../data/prepared
          output_file_name: inference
          prompt_file: prompts.yaml
        steering:
          evaluation_set:
          - protein
          output_folder: ../data/steered
          experiment_label_name: protein
          verbose: true
          seed: 1
          model_path: ../models/Meta-Llama-3-8B-Instruct/
          tokenizer_path: ../models/Meta-Llama-3-8B-Instruct/tokenizer.model
          temperature: 0.5
          top_p: 0.9
          max_seq_len: 512
          max_batch_size: 8
          steeve_type: proj_mean_inv
          vector_path: ../data/projected/SparsePCAProjectionModel_trained_on_english_word_vectors.pkl
          layers:
          - 16
          alpha:
          - 1
          beta:
          - 8
          clip_value:
          - 0
          clip_type: soft_clip
          act_space_norm: true
          norm_before_clip: true
          on_prompt: true
          slerp: false
          one_time_steer: false
          manipulation_decay: 1.0
    outs:
    - path: ../data/steered
      hash: md5
      md5: 867c08d81b876a53a6d888bba0b06db0.dir
      size: 81391
      nfiles: 1
  evaluation:
    cmd: torchrun ../src/sentence_similarity.py
    deps:
    - path: ../data/steered
      hash: md5
      md5: 867c08d81b876a53a6d888bba0b06db0.dir
      size: 81391
      nfiles: 1
    - path: ../src/sentence_similarity.py
      hash: md5
      md5: 77bf8a6ba1472caf1db07336b65ee3aa
      size: 12937
    - path: expected_outputs.yaml
      hash: md5
      md5: 9fb1ced0ad2f11c75f4d5f2fdb16f84e
      size: 2104
    - path: few_shot.yaml
      hash: md5
      md5: c392a48ac670b2275215df74cb542844
      size: 7296
    params:
      params.yaml:
        evaluation:
          expected_outputs_path: expected_outputs.yaml
          few_shot_path: few_shot.yaml
          similarity_decision_threshold: 0.1
          seed: 1
          output_folder: ../data/steered_evaluation
          verbose: true
    outs:
    - path: ../data/steered_evaluation
      hash: md5
      md5: 5ba3ab5fe68414d10e4d775eac8347e8.dir
      size: 83148
      nfiles: 1
  compile:
    cmd: python ../src/compile_results.py
    deps:
    - path: ../data/steered_evaluation
      hash: md5
      md5: 5ba3ab5fe68414d10e4d775eac8347e8.dir
      size: 83148
      nfiles: 1
    - path: ../src/compile_results.py
      hash: md5
      md5: 2c74f270dd4cfef0c7cef9213966c846
      size: 7478
    params:
      params.yaml:
        compile:
          seed: 0s
          compilation_prefix: Redo SPCA english
          compilation_folder: ../data/compiled
          palette:
          - '#ee6a00'
          - '#a1e8d9'
          - '#695d46'
          - '#009667'
          - '#cd92d7'
          - '#b3a77d'
          - '#eeff41'
          - '#ef6c00'
          - '#4db6ac'
